{
  "requires": true,
  "lockfileVersion": 1,
  "dependencies": {
    "coffeescript": {
      "version": "2.5.0",
      "resolved": "https://registry.npmjs.org/coffeescript/-/coffeescript-2.5.0.tgz",
      "integrity": "sha512-RgTKZhAeKVFuGtce/d3U1x1h5W75AoYFQszNlGrtSIbexC9jowaZo574uUvc9zoNQSDLMWXVtsus9usMtbFU+w=="
    }
  }
}
